
Microsoft Visual Studio Solution File, Format Version 12.00
# Visual Studio Version 17
VisualStudioVersion = 17.9.34407.89
MinimumVisualStudioVersion = 10.0.40219.1
Project("{FAE04EC0-301F-11D3-BF4B-00C04F79EFBC}") = "BlazorSignalRChatDotNet8", "BlazorSignalRChatDotNet8\BlazorSignalRChatDotNet8\BlazorSignalRChatDotNet8.csproj", "{B5998325-D45F-4CDB-BF92-9FA7A8484123}"
EndProject
Project("{FAE04EC0-301F-11D3-BF4B-00C04F79EFBC}") = "BlazorSignalRChatDotNet8.Client", "BlazorSignalRChatDotNet8\BlazorSignalRChatDotNet8.Client\BlazorSignalRChatDotNet8.Client.csproj", "{9623B716-DF6D-4763-8B5E-B8A379AB1629}"
EndProject
Global
	GlobalSection(SolutionConfigurationPlatforms) = preSolution
		Debug|Any CPU = Debug|Any CPU
		Release|Any CPU = Release|Any CPU
	EndGlobalSection
	GlobalSection(ProjectConfigurationPlatforms) = postSolution
		{B5998325-D45F-4CDB-BF92-9FA7A8484123}.Debug|Any CPU.ActiveCfg = Debug|Any CPU
		{B5998325-D45F-4CDB-BF92-9FA7A8484123}.Debug|Any CPU.Build.0 = Debug|Any CPU
		{B5998325-D45F-4CDB-BF92-9FA7A8484123}.Release|Any CPU.ActiveCfg = Release|Any CPU
		{B5998325-D45F-4CDB-BF92-9FA7A8484123}.Release|Any CPU.Build.0 = Release|Any CPU
		{9623B716-DF6D-4763-8B5E-B8A379AB1629}.Debug|Any CPU.ActiveCfg = Debug|Any CPU
		{9623B716-DF6D-4763-8B5E-B8A379AB1629}.Debug|Any CPU.Build.0 = Debug|Any CPU
		{9623B716-DF6D-4763-8B5E-B8A379AB1629}.Release|Any CPU.ActiveCfg = Release|Any CPU
		{9623B716-DF6D-4763-8B5E-B8A379AB1629}.Release|Any CPU.Build.0 = Release|Any CPU
	EndGlobalSection
	GlobalSection(SolutionProperties) = preSolution
		HideSolutionNode = FALSE
	EndGlobalSection
	GlobalSection(ExtensibilityGlobals) = postSolution
		SolutionGuid = {DD1578FB-E3FE-4D44-9C4E-D17B4763AC55}
	EndGlobalSection
EndGlobal
